
Microsoft Visual Studio Solution File, Format Version 12.00
# Visual Studio Version 17
VisualStudioVersion = 17.1.32319.34
MinimumVisualStudioVersion = 10.0.40219.1
Project("{9A19103F-16F7-4668-BE54-9A1E7A4F7556}") = "AutoFixStationBusinessLogic", "AutoFixStationBusinessLogic\AutoFixStationBusinessLogic.csproj", "{E68F792F-AD5E-4573-ADE4-013FD258ADD2}"
EndProject
Project("{9A19103F-16F7-4668-BE54-9A1E7A4F7556}") = "AutoFixStationContracts", "AutoFixStationContracts\AutoFixStationContracts.csproj", "{7F21086E-671E-4ED5-AC57-03963C379CCD}"
EndProject
Project("{9A19103F-16F7-4668-BE54-9A1E7A4F7556}") = "AutoFixStationDatabaseImplement", "AutoFixStationDatabaseImplement\AutoFixStationDatabaseImplement.csproj", "{333D8954-957B-481C-B205-9437082DFCC2}"
EndProject
Project("{9A19103F-16F7-4668-BE54-9A1E7A4F7556}") = "AutoFixStationRestAPI", "AutoFixStationRestAPI\AutoFixStationRestAPI.csproj", "{FAB5BB45-AAFB-4470-9D91-566F60C58274}"
EndProject
Project("{9A19103F-16F7-4668-BE54-9A1E7A4F7556}") = "AutoFixStationEmployeeWebApp", "AutoFixStationWebApp\AutoFixStationEmployeeWebApp.csproj", "{6923146E-8DB1-4DC1-8CEE-789A97C5CB31}"
EndProject
Project("{9A19103F-16F7-4668-BE54-9A1E7A4F7556}") = "AutoFixStationView", "AutoFixStationView\AutoFixStationView.csproj", "{493429B3-0139-44E8-8079-1E70A08592A9}"
EndProject
Project("{9A19103F-16F7-4668-BE54-9A1E7A4F7556}") = "AutoFixStationStoreKeeperWebApp", "AutoFixStationStoreKeeperWebApp\AutoFixStationStoreKeeperWebApp.csproj", "{74478CB9-F276-4FB5-8821-72BBA4464BE0}"
EndProject
Project("{FAE04EC0-301F-11D3-BF4B-00C04F79EFBC}") = "StoreKeeperView", "StoreKeeperView\StoreKeeperView.csproj", "{CABFD937-B0F6-4F90-8191-757C18408EE0}"
EndProject
Global
	GlobalSection(SolutionConfigurationPlatforms) = preSolution
		Debug|Any CPU = Debug|Any CPU
		Release|Any CPU = Release|Any CPU
	EndGlobalSection
	GlobalSection(ProjectConfigurationPlatforms) = postSolution
		{E68F792F-AD5E-4573-ADE4-013FD258ADD2}.Debug|Any CPU.ActiveCfg = Debug|Any CPU
		{E68F792F-AD5E-4573-ADE4-013FD258ADD2}.Debug|Any CPU.Build.0 = Debug|Any CPU
		{E68F792F-AD5E-4573-ADE4-013FD258ADD2}.Release|Any CPU.ActiveCfg = Release|Any CPU
		{E68F792F-AD5E-4573-ADE4-013FD258ADD2}.Release|Any CPU.Build.0 = Release|Any CPU
		{7F21086E-671E-4ED5-AC57-03963C379CCD}.Debug|Any CPU.ActiveCfg = Debug|Any CPU
		{7F21086E-671E-4ED5-AC57-03963C379CCD}.Debug|Any CPU.Build.0 = Debug|Any CPU
		{7F21086E-671E-4ED5-AC57-03963C379CCD}.Release|Any CPU.ActiveCfg = Release|Any CPU
		{7F21086E-671E-4ED5-AC57-03963C379CCD}.Release|Any CPU.Build.0 = Release|Any CPU
		{333D8954-957B-481C-B205-9437082DFCC2}.Debug|Any CPU.ActiveCfg = Debug|Any CPU
		{333D8954-957B-481C-B205-9437082DFCC2}.Debug|Any CPU.Build.0 = Debug|Any CPU
		{333D8954-957B-481C-B205-9437082DFCC2}.Release|Any CPU.ActiveCfg = Release|Any CPU
		{333D8954-957B-481C-B205-9437082DFCC2}.Release|Any CPU.Build.0 = Release|Any CPU
		{FAB5BB45-AAFB-4470-9D91-566F60C58274}.Debug|Any CPU.ActiveCfg = Debug|Any CPU
		{FAB5BB45-AAFB-4470-9D91-566F60C58274}.Debug|Any CPU.Build.0 = Debug|Any CPU
		{FAB5BB45-AAFB-4470-9D91-566F60C58274}.Release|Any CPU.ActiveCfg = Release|Any CPU
		{FAB5BB45-AAFB-4470-9D91-566F60C58274}.Release|Any CPU.Build.0 = Release|Any CPU
		{6923146E-8DB1-4DC1-8CEE-789A97C5CB31}.Debug|Any CPU.ActiveCfg = Debug|Any CPU
		{6923146E-8DB1-4DC1-8CEE-789A97C5CB31}.Debug|Any CPU.Build.0 = Debug|Any CPU
		{6923146E-8DB1-4DC1-8CEE-789A97C5CB31}.Release|Any CPU.ActiveCfg = Release|Any CPU
		{6923146E-8DB1-4DC1-8CEE-789A97C5CB31}.Release|Any CPU.Build.0 = Release|Any CPU
		{493429B3-0139-44E8-8079-1E70A08592A9}.Debug|Any CPU.ActiveCfg = Debug|Any CPU
		{493429B3-0139-44E8-8079-1E70A08592A9}.Debug|Any CPU.Build.0 = Debug|Any CPU
		{493429B3-0139-44E8-8079-1E70A08592A9}.Release|Any CPU.ActiveCfg = Release|Any CPU
		{493429B3-0139-44E8-8079-1E70A08592A9}.Release|Any CPU.Build.0 = Release|Any CPU
		{74478CB9-F276-4FB5-8821-72BBA4464BE0}.Debug|Any CPU.ActiveCfg = Debug|Any CPU
		{74478CB9-F276-4FB5-8821-72BBA4464BE0}.Debug|Any CPU.Build.0 = Debug|Any CPU
		{74478CB9-F276-4FB5-8821-72BBA4464BE0}.Release|Any CPU.ActiveCfg = Release|Any CPU
		{74478CB9-F276-4FB5-8821-72BBA4464BE0}.Release|Any CPU.Build.0 = Release|Any CPU
		{CABFD937-B0F6-4F90-8191-757C18408EE0}.Debug|Any CPU.ActiveCfg = Debug|Any CPU
		{CABFD937-B0F6-4F90-8191-757C18408EE0}.Debug|Any CPU.Build.0 = Debug|Any CPU
		{CABFD937-B0F6-4F90-8191-757C18408EE0}.Release|Any CPU.ActiveCfg = Release|Any CPU
		{CABFD937-B0F6-4F90-8191-757C18408EE0}.Release|Any CPU.Build.0 = Release|Any CPU
	EndGlobalSection
	GlobalSection(SolutionProperties) = preSolution
		HideSolutionNode = FALSE
	EndGlobalSection
	GlobalSection(ExtensibilityGlobals) = postSolution
		SolutionGuid = {CA5CB293-2663-4D65-9F6C-1F71D98A0711}
	EndGlobalSection
EndGlobal
